// !$*UTF8*$!
{
	archiveVersion = 1;
	classes = {
	};
	objectVersion = 50;
	objects = {

/* Begin PBXBuildFile section */
		7A22DE442680B21C00E8E9B8 /* main.cpp in Sources */ = {isa = PBXBuildFile; fileRef = 7A22DE432680B21C00E8E9B8 /* main.cpp */; };
		7A22DE4D2680B3CC00E8E9B8 /* OpenGL.framework in Frameworks */ = {isa = PBXBuildFile; fileRef = 7A22DE4C2680B3CC00E8E9B8 /* OpenGL.framework */; settings = {ATTRIBUTES = (Required, ); }; };
		7A22DE502680BBB800E8E9B8 /* libglfw.3.3.dylib in Frameworks */ = {isa = PBXBuildFile; fileRef = 7A22DE4F2680BBB800E8E9B8 /* libglfw.3.3.dylib */; };
		7A22DE532680C59700E8E9B8 /* libGLEW.2.2.0.dylib in Frameworks */ = {isa = PBXBuildFile; fileRef = 7A22DE522680C59700E8E9B8 /* libGLEW.2.2.0.dylib */; };
		7A22DE8D268E2BBF00E8E9B8 /* GLErrorHandler.cpp in Sources */ = {isa = PBXBuildFile; fileRef = 7A22DE8B268E2BBE00E8E9B8 /* GLErrorHandler.cpp */; };
		7A22DEA72691DFA100E8E9B8 /* ShaderManager.cpp in Sources */ = {isa = PBXBuildFile; fileRef = 7A22DEA52691DFA100E8E9B8 /* ShaderManager.cpp */; };
/* End PBXBuildFile section */

/* Begin PBXCopyFilesBuildPhase section */
		7A22DE3E2680B21C00E8E9B8 /* CopyFiles */ = {
			isa = PBXCopyFilesBuildPhase;
			buildActionMask = 2147483647;
			dstPath = /usr/share/man/man1/;
			dstSubfolderSpec = 0;
			files = (
			);
			runOnlyForDeploymentPostprocessing = 1;
		};
/* End PBXCopyFilesBuildPhase section */

/* Begin PBXFileReference section */
		7A22DE402680B21C00E8E9B8 /* lighting-test */ = {isa = PBXFileReference; explicitFileType = "compiled.mach-o.executable"; includeInIndex = 0; path = "lighting-test"; sourceTree = BUILT_PRODUCTS_DIR; };
		7A22DE432680B21C00E8E9B8 /* main.cpp */ = {isa = PBXFileReference; lastKnownFileType = sourcecode.cpp.cpp; path = main.cpp; sourceTree = "<group>"; };
		7A22DE4C2680B3CC00E8E9B8 /* OpenGL.framework */ = {isa = PBXFileReference; lastKnownFileType = wrapper.framework; name = OpenGL.framework; path = System/Library/Frameworks/OpenGL.framework; sourceTree = SDKROOT; };
		7A22DE4F2680BBB800E8E9B8 /* libglfw.3.3.dylib */ = {isa = PBXFileReference; lastKnownFileType = "compiled.mach-o.dylib"; name = libglfw.3.3.dylib; path = ../../../../usr/local/Cellar/glfw/3.3.4/lib/libglfw.3.3.dylib; sourceTree = "<group>"; };
		7A22DE522680C59700E8E9B8 /* libGLEW.2.2.0.dylib */ = {isa = PBXFileReference; lastKnownFileType = "compiled.mach-o.dylib"; name = libGLEW.2.2.0.dylib; path = ../../../../usr/local/Cellar/glew/2.2.0_1/lib/libGLEW.2.2.0.dylib; sourceTree = "<group>"; };
		7A22DE8B268E2BBE00E8E9B8 /* GLErrorHandler.cpp */ = {isa = PBXFileReference; lastKnownFileType = sourcecode.cpp.cpp; path = GLErrorHandler.cpp; sourceTree = "<group>"; };
		7A22DE8C268E2BBE00E8E9B8 /* GLErrorHandler.hpp */ = {isa = PBXFileReference; lastKnownFileType = sourcecode.cpp.h; path = GLErrorHandler.hpp; sourceTree = "<group>"; };
		7A22DE9D268E2E6900E8E9B8 /* fragment.glsl */ = {isa = PBXFileReference; lastKnownFileType = text.xml; path = fragment.glsl; sourceTree = "<group>"; };
		7A22DE9E268E2EB700E8E9B8 /* vertex.glsl */ = {isa = PBXFileReference; lastKnownFileType = text; path = vertex.glsl; sourceTree = "<group>"; };
		7A22DEA0268E2EEB00E8E9B8 /* BufferStorage.hpp */ = {isa = PBXFileReference; lastKnownFileType = sourcecode.cpp.h; path = BufferStorage.hpp; sourceTree = "<group>"; };
		7A22DEA2268E2FC300E8E9B8 /* FramerateInfo.hpp */ = {isa = PBXFileReference; lastKnownFileType = sourcecode.cpp.h; path = FramerateInfo.hpp; sourceTree = "<group>"; };
		7A22DEA52691DFA100E8E9B8 /* ShaderManager.cpp */ = {isa = PBXFileReference; lastKnownFileType = sourcecode.cpp.cpp; path = ShaderManager.cpp; sourceTree = "<group>"; };
		7A22DEA62691DFA100E8E9B8 /* ShaderManager.hpp */ = {isa = PBXFileReference; lastKnownFileType = sourcecode.cpp.h; path = ShaderManager.hpp; sourceTree = "<group>"; };
		7A22DEAB2693AF1200E8E9B8 /* Cube.hpp */ = {isa = PBXFileReference; lastKnownFileType = sourcecode.cpp.h; path = Cube.hpp; sourceTree = "<group>"; };
		7A22DEB02694C71200E8E9B8 /* SceneSettings.hpp */ = {isa = PBXFileReference; lastKnownFileType = sourcecode.cpp.h; path = SceneSettings.hpp; sourceTree = "<group>"; };
		7A22DEB62694D9BB00E8E9B8 /* Scene.hpp */ = {isa = PBXFileReference; lastKnownFileType = sourcecode.cpp.h; path = Scene.hpp; sourceTree = "<group>"; };
		7A22DEB92694F48000E8E9B8 /* SceneObject.hpp */ = {isa = PBXFileReference; lastKnownFileType = sourcecode.cpp.h; path = SceneObject.hpp; sourceTree = "<group>"; };
/* End PBXFileReference section */

/* Begin PBXFrameworksBuildPhase section */
		7A22DE3D2680B21C00E8E9B8 /* Frameworks */ = {
			isa = PBXFrameworksBuildPhase;
			buildActionMask = 2147483647;
			files = (
				7A22DE532680C59700E8E9B8 /* libGLEW.2.2.0.dylib in Frameworks */,
				7A22DE502680BBB800E8E9B8 /* libglfw.3.3.dylib in Frameworks */,
				7A22DE4D2680B3CC00E8E9B8 /* OpenGL.framework in Frameworks */,
			);
			runOnlyForDeploymentPostprocessing = 0;
		};
/* End PBXFrameworksBuildPhase section */

/* Begin PBXGroup section */
		7A22DE372680B21C00E8E9B8 = {
			isa = PBXGroup;
			children = (
				7A22DE422680B21C00E8E9B8 /* lighting-test */,
				7A22DE412680B21C00E8E9B8 /* Products */,
				7A22DE4B2680B3CC00E8E9B8 /* Frameworks */,
			);
			sourceTree = "<group>";
			usesTabs = 1;
		};
		7A22DE412680B21C00E8E9B8 /* Products */ = {
			isa = PBXGroup;
			children = (
				7A22DE402680B21C00E8E9B8 /* lighting-test */,
			);
			name = Products;
			sourceTree = "<group>";
		};
		7A22DE422680B21C00E8E9B8 /* lighting-test */ = {
			isa = PBXGroup;
			children = (
				7A22DEB82694F46700E8E9B8 /* base */,
				7A22DEAF2694C62000E8E9B8 /* animation */,
				7A22DEA92693AF0300E8E9B8 /* draw */,
				7A22DE93268E2C3F00E8E9B8 /* shader */,
				7A22DE91268E2C0B00E8E9B8 /* struct */,
				7A22DE90268E2C0B00E8E9B8 /* util */,
				7A22DE8A268E2BB400E8E9B8 /* errors */,
				7A22DE432680B21C00E8E9B8 /* main.cpp */,
				7A22DEB62694D9BB00E8E9B8 /* Scene.hpp */,
			);
			path = "lighting-test";
			sourceTree = "<group>";
		};
		7A22DE4B2680B3CC00E8E9B8 /* Frameworks */ = {
			isa = PBXGroup;
			children = (
				7A22DE522680C59700E8E9B8 /* libGLEW.2.2.0.dylib */,
				7A22DE4F2680BBB800E8E9B8 /* libglfw.3.3.dylib */,
				7A22DE4C2680B3CC00E8E9B8 /* OpenGL.framework */,
			);
			name = Frameworks;
			sourceTree = "<group>";
		};
		7A22DE8A268E2BB400E8E9B8 /* errors */ = {
			isa = PBXGroup;
			children = (
				7A22DE8B268E2BBE00E8E9B8 /* GLErrorHandler.cpp */,
				7A22DE8C268E2BBE00E8E9B8 /* GLErrorHandler.hpp */,
			);
			path = errors;
			sourceTree = "<group>";
		};
		7A22DE90268E2C0B00E8E9B8 /* util */ = {
			isa = PBXGroup;
			children = (
			);
			path = util;
			sourceTree = "<group>";
		};
		7A22DE91268E2C0B00E8E9B8 /* struct */ = {
			isa = PBXGroup;
			children = (
				7A22DEA0268E2EEB00E8E9B8 /* BufferStorage.hpp */,
				7A22DEA2268E2FC300E8E9B8 /* FramerateInfo.hpp */,
				7A22DEB02694C71200E8E9B8 /* SceneSettings.hpp */,
			);
			path = struct;
			sourceTree = "<group>";
		};
		7A22DE93268E2C3F00E8E9B8 /* shader */ = {
			isa = PBXGroup;
			children = (
				7A22DE95268E2C6000E8E9B8 /* fragment */,
				7A22DE96268E2C6000E8E9B8 /* vertex */,
				7A22DEA52691DFA100E8E9B8 /* ShaderManager.cpp */,
				7A22DEA62691DFA100E8E9B8 /* ShaderManager.hpp */,
			);
			path = shader;
			sourceTree = "<group>";
		};
		7A22DE95268E2C6000E8E9B8 /* fragment */ = {
			isa = PBXGroup;
			children = (
				7A22DE9D268E2E6900E8E9B8 /* fragment.glsl */,
			);
			path = fragment;
			sourceTree = "<group>";
		};
		7A22DE96268E2C6000E8E9B8 /* vertex */ = {
			isa = PBXGroup;
			children = (
				7A22DE9E268E2EB700E8E9B8 /* vertex.glsl */,
			);
			path = vertex;
			sourceTree = "<group>";
		};
		7A22DEA92693AF0300E8E9B8 /* draw */ = {
			isa = PBXGroup;
			children = (
				7A22DEAB2693AF1200E8E9B8 /* Cube.hpp */,
			);
			path = draw;
			sourceTree = "<group>";
		};
		7A22DEAF2694C62000E8E9B8 /* animation */ = {
			isa = PBXGroup;
			children = (
			);
			path = animation;
			sourceTree = "<group>";
		};
		7A22DEB82694F46700E8E9B8 /* base */ = {
			isa = PBXGroup;
			children = (
				7A22DEB92694F48000E8E9B8 /* SceneObject.hpp */,
			);
			path = base;
			sourceTree = "<group>";
		};
/* End PBXGroup section */

/* Begin PBXNativeTarget section */
		7A22DE3F2680B21C00E8E9B8 /* lighting-test */ = {
			isa = PBXNativeTarget;
			buildConfigurationList = 7A22DE472680B21C00E8E9B8 /* Build configuration list for PBXNativeTarget "lighting-test" */;
			buildPhases = (
				7A22DE3C2680B21C00E8E9B8 /* Sources */,
				7A22DE3D2680B21C00E8E9B8 /* Frameworks */,
				7A22DE3E2680B21C00E8E9B8 /* CopyFiles */,
			);
			buildRules = (
			);
			dependencies = (
			);
			name = "lighting-test";
			productName = "lighting-test";
			productReference = 7A22DE402680B21C00E8E9B8 /* lighting-test */;
			productType = "com.apple.product-type.tool";
		};
/* End PBXNativeTarget section */

/* Begin PBXProject section */
		7A22DE382680B21C00E8E9B8 /* Project object */ = {
			isa = PBXProject;
			attributes = {
				LastUpgradeCheck = 1220;
				TargetAttributes = {
					7A22DE3F2680B21C00E8E9B8 = {
						CreatedOnToolsVersion = 12.2;
					};
				};
			};
			buildConfigurationList = 7A22DE3B2680B21C00E8E9B8 /* Build configuration list for PBXProject "lighting-test" */;
			compatibilityVersion = "Xcode 9.3";
			developmentRegion = en;
			hasScannedForEncodings = 0;
			knownRegions = (
				en,
				Base,
			);
			mainGroup = 7A22DE372680B21C00E8E9B8;
			productRefGroup = 7A22DE412680B21C00E8E9B8 /* Products */;
			projectDirPath = "";
			projectRoot = "";
			targets = (
				7A22DE3F2680B21C00E8E9B8 /* lighting-test */,
			);
		};
/* End PBXProject section */

/* Begin PBXSourcesBuildPhase section */
		7A22DE3C2680B21C00E8E9B8 /* Sources */ = {
			isa = PBXSourcesBuildPhase;
			buildActionMask = 2147483647;
			files = (
				7A22DE8D268E2BBF00E8E9B8 /* GLErrorHandler.cpp in Sources */,
				7A22DEA72691DFA100E8E9B8 /* ShaderManager.cpp in Sources */,
				7A22DE442680B21C00E8E9B8 /* main.cpp in Sources */,
			);
			runOnlyForDeploymentPostprocessing = 0;
		};
/* End PBXSourcesBuildPhase section */

/* Begin XCBuildConfiguration section */
		7A22DE452680B21C00E8E9B8 /* Debug */ = {
			isa = XCBuildConfiguration;
			buildSettings = {
				ALWAYS_SEARCH_USER_PATHS = NO;
				CLANG_ANALYZER_NONNULL = YES;
				CLANG_ANALYZER_NUMBER_OBJECT_CONVERSION = YES_AGGRESSIVE;
				CLANG_CXX_LANGUAGE_STANDARD = "gnu++14";
				CLANG_CXX_LIBRARY = "libc++";
				CLANG_ENABLE_MODULES = YES;
				CLANG_ENABLE_OBJC_ARC = YES;
				CLANG_ENABLE_OBJC_WEAK = YES;
				CLANG_WARN_BLOCK_CAPTURE_AUTORELEASING = YES;
				CLANG_WARN_BOOL_CONVERSION = YES;
				CLANG_WARN_COMMA = YES;
				CLANG_WARN_CONSTANT_CONVERSION = YES;
				CLANG_WARN_DEPRECATED_OBJC_IMPLEMENTATIONS = YES;
				CLANG_WARN_DIRECT_OBJC_ISA_USAGE = YES_ERROR;
				CLANG_WARN_DOCUMENTATION_COMMENTS = YES;
				CLANG_WARN_EMPTY_BODY = YES;
				CLANG_WARN_ENUM_CONVERSION = YES;
				CLANG_WARN_INFINITE_RECURSION = YES;
				CLANG_WARN_INT_CONVERSION = YES;
				CLANG_WARN_NON_LITERAL_NULL_CONVERSION = YES;
				CLANG_WARN_OBJC_IMPLICIT_RETAIN_SELF = YES;
				CLANG_WARN_OBJC_LITERAL_CONVERSION = YES;
				CLANG_WARN_OBJC_ROOT_CLASS = YES_ERROR;
				CLANG_WARN_QUOTED_INCLUDE_IN_FRAMEWORK_HEADER = YES;
				CLANG_WARN_RANGE_LOOP_ANALYSIS = YES;
				CLANG_WARN_STRICT_PROTOTYPES = YES;
				CLANG_WARN_SUSPICIOUS_MOVE = YES;
				CLANG_WARN_UNGUARDED_AVAILABILITY = YES_AGGRESSIVE;
				CLANG_WARN_UNREACHABLE_CODE = YES;
				CLANG_WARN__DUPLICATE_METHOD_MATCH = YES;
				COPY_PHASE_STRIP = NO;
				DEBUG_INFORMATION_FORMAT = dwarf;
				ENABLE_STRICT_OBJC_MSGSEND = YES;
				ENABLE_TESTABILITY = YES;
				GCC_C_LANGUAGE_STANDARD = gnu11;
				GCC_DYNAMIC_NO_PIC = NO;
				GCC_NO_COMMON_BLOCKS = YES;
				GCC_OPTIMIZATION_LEVEL = 0;
				GCC_PREPROCESSOR_DEFINITIONS = (
					"DEBUG=1",
					"$(inherited)",
				);
				GCC_WARN_64_TO_32_BIT_CONVERSION = YES;
				GCC_WARN_ABOUT_RETURN_TYPE = YES_ERROR;
				GCC_WARN_UNDECLARED_SELECTOR = YES;
				GCC_WARN_UNINITIALIZED_AUTOS = YES_AGGRESSIVE;
				GCC_WARN_UNUSED_FUNCTION = YES;
				GCC_WARN_UNUSED_VARIABLE = YES;
				MACOSX_DEPLOYMENT_TARGET = 11.0;
				MTL_ENABLE_DEBUG_INFO = INCLUDE_SOURCE;
				MTL_FAST_MATH = YES;
				ONLY_ACTIVE_ARCH = YES;
				SDKROOT = macosx;
			};
			name = Debug;
		};
		7A22DE462680B21C00E8E9B8 /* Release */ = {
			isa = XCBuildConfiguration;
			buildSettings = {
				ALWAYS_SEARCH_USER_PATHS = NO;
				CLANG_ANALYZER_NONNULL = YES;
				CLANG_ANALYZER_NUMBER_OBJECT_CONVERSION = YES_AGGRESSIVE;
				CLANG_CXX_LANGUAGE_STANDARD = "gnu++14";
				CLANG_CXX_LIBRARY = "libc++";
				CLANG_ENABLE_MODULES = YES;
				CLANG_ENABLE_OBJC_ARC = YES;
				CLANG_ENABLE_OBJC_WEAK = YES;
				CLANG_WARN_BLOCK_CAPTURE_AUTORELEASING = YES;
				CLANG_WARN_BOOL_CONVERSION = YES;
				CLANG_WARN_COMMA = YES;
				CLANG_WARN_CONSTANT_CONVERSION = YES;
				CLANG_WARN_DEPRECATED_OBJC_IMPLEMENTATIONS = YES;
				CLANG_WARN_DIRECT_OBJC_ISA_USAGE = YES_ERROR;
				CLANG_WARN_DOCUMENTATION_COMMENTS = YES;
				CLANG_WARN_EMPTY_BODY = YES;
				CLANG_WARN_ENUM_CONVERSION = YES;
				CLANG_WARN_INFINITE_RECURSION = YES;
				CLANG_WARN_INT_CONVERSION = YES;
				CLANG_WARN_NON_LITERAL_NULL_CONVERSION = YES;
				CLANG_WARN_OBJC_IMPLICIT_RETAIN_SELF = YES;
				CLANG_WARN_OBJC_LITERAL_CONVERSION = YES;
				CLANG_WARN_OBJC_ROOT_CLASS = YES_ERROR;
				CLANG_WARN_QUOTED_INCLUDE_IN_FRAMEWORK_HEADER = YES;
				CLANG_WARN_RANGE_LOOP_ANALYSIS = YES;
				CLANG_WARN_STRICT_PROTOTYPES = YES;
				CLANG_WARN_SUSPICIOUS_MOVE = YES;
				CLANG_WARN_UNGUARDED_AVAILABILITY = YES_AGGRESSIVE;
				CLANG_WARN_UNREACHABLE_CODE = YES;
				CLANG_WARN__DUPLICATE_METHOD_MATCH = YES;
				COPY_PHASE_STRIP = NO;
				DEBUG_INFORMATION_FORMAT = "dwarf-with-dsym";
				ENABLE_NS_ASSERTIONS = NO;
				ENABLE_STRICT_OBJC_MSGSEND = YES;
				GCC_C_LANGUAGE_STANDARD = gnu11;
				GCC_NO_COMMON_BLOCKS = YES;
				GCC_WARN_64_TO_32_BIT_CONVERSION = YES;
				GCC_WARN_ABOUT_RETURN_TYPE = YES_ERROR;
				GCC_WARN_UNDECLARED_SELECTOR = YES;
				GCC_WARN_UNINITIALIZED_AUTOS = YES_AGGRESSIVE;
				GCC_WARN_UNUSED_FUNCTION = YES;
				GCC_WARN_UNUSED_VARIABLE = YES;
				MACOSX_DEPLOYMENT_TARGET = 11.0;
				MTL_ENABLE_DEBUG_INFO = NO;
				MTL_FAST_MATH = YES;
				SDKROOT = macosx;
			};
			name = Release;
		};
		7A22DE482680B21C00E8E9B8 /* Debug */ = {
			isa = XCBuildConfiguration;
			buildSettings = {
				CODE_SIGN_STYLE = Automatic;
				HEADER_SEARCH_PATHS = (
					/usr/local/include,
					"/Users/antiufieievmichael/Guides/lighting-test/extras",
				);
				LIBRARY_SEARCH_PATHS = (
					"$(inherited)",
					/usr/local/Cellar/glfw/3.3.4/lib,
					/usr/local/Cellar/glew/2.2.0_1/lib,
				);
				PRODUCT_NAME = "$(TARGET_NAME)";
				USER_HEADER_SEARCH_PATHS = "$SRCROOT/**";
			};
			name = Debug;
		};
		7A22DE492680B21C00E8E9B8 /* Release */ = {
			isa = XCBuildConfiguration;
			buildSettings = {
				CODE_SIGN_STYLE = Automatic;
				HEADER_SEARCH_PATHS = (
					/usr/local/include,
					"/Users/antiufieievmichael/Guides/lighting-test/extras",
				);
				LIBRARY_SEARCH_PATHS = (
					"$(inherited)",
					/usr/local/Cellar/glfw/3.3.4/lib,
					/usr/local/Cellar/glew/2.2.0_1/lib,
				);
				PRODUCT_NAME = "$(TARGET_NAME)";
				USER_HEADER_SEARCH_PATHS = $SRCROOT;
			};
			name = Release;
		};
/* End XCBuildConfiguration section */

/* Begin XCConfigurationList section */
		7A22DE3B2680B21C00E8E9B8 /* Build configuration list for PBXProject "lighting-test" */ = {
			isa = XCConfigurationList;
			buildConfigurations = (
				7A22DE452680B21C00E8E9B8 /* Debug */,
				7A22DE462680B21C00E8E9B8 /* Release */,
			);
			defaultConfigurationIsVisible = 0;
			defaultConfigurationName = Release;
		};
		7A22DE472680B21C00E8E9B8 /* Build configuration list for PBXNativeTarget "lighting-test" */ = {
			isa = XCConfigurationList;
			buildConfigurations = (
				7A22DE482680B21C00E8E9B8 /* Debug */,
				7A22DE492680B21C00E8E9B8 /* Release */,
			);
			defaultConfigurationIsVisible = 0;
			defaultConfigurationName = Release;
		};
/* End XCConfigurationList section */
	};
	rootObject = 7A22DE382680B21C00E8E9B8 /* Project object */;
}
