// !$*UTF8*$!
{
	archiveVersion = 1;
	classes = {
	};
	objectVersion = 50;
	objects = {

/* Begin PBXBuildFile section */
		7A22DE4D2680B3CC00E8E9B8 /* OpenGL.framework in Frameworks */ = {isa = PBXBuildFile; fileRef = 7A22DE4C2680B3CC00E8E9B8 /* OpenGL.framework */; settings = {ATTRIBUTES = (Required, ); }; };
		7A22DE502680BBB800E8E9B8 /* libglfw.3.3.dylib in Frameworks */ = {isa = PBXBuildFile; fileRef = 7A22DE4F2680BBB800E8E9B8 /* libglfw.3.3.dylib */; };
		7A22DE532680C59700E8E9B8 /* libGLEW.2.2.0.dylib in Frameworks */ = {isa = PBXBuildFile; fileRef = 7A22DE522680C59700E8E9B8 /* libGLEW.2.2.0.dylib */; };
		7A4D8E9A26B9A53A00A56E39 /* Mesh.cpp in Sources */ = {isa = PBXBuildFile; fileRef = 7A4D8E8026B9A53A00A56E39 /* Mesh.cpp */; };
		7A4D8E9B26B9A53A00A56E39 /* Shader.cpp in Sources */ = {isa = PBXBuildFile; fileRef = 7A4D8E8826B9A53A00A56E39 /* Shader.cpp */; };
		7A4D8E9C26B9A53A00A56E39 /* ShaderManager.cpp in Sources */ = {isa = PBXBuildFile; fileRef = 7A4D8E9026B9A53A00A56E39 /* ShaderManager.cpp */; };
		7A4D8E9D26B9A53A00A56E39 /* GLErrorHandler.cpp in Sources */ = {isa = PBXBuildFile; fileRef = 7A4D8E9326B9A53A00A56E39 /* GLErrorHandler.cpp */; };
		7A4D8E9E26B9A53A00A56E39 /* main.cpp in Sources */ = {isa = PBXBuildFile; fileRef = 7A4D8E9626B9A53A00A56E39 /* main.cpp */; };
/* End PBXBuildFile section */

/* Begin PBXCopyFilesBuildPhase section */
		7A22DE3E2680B21C00E8E9B8 /* CopyFiles */ = {
			isa = PBXCopyFilesBuildPhase;
			buildActionMask = 2147483647;
			dstPath = /usr/share/man/man1/;
			dstSubfolderSpec = 0;
			files = (
			);
			runOnlyForDeploymentPostprocessing = 1;
		};
/* End PBXCopyFilesBuildPhase section */

/* Begin PBXFileReference section */
		7A22DE402680B21C00E8E9B8 /* cookie-engine */ = {isa = PBXFileReference; explicitFileType = "compiled.mach-o.executable"; includeInIndex = 0; path = "cookie-engine"; sourceTree = BUILT_PRODUCTS_DIR; };
		7A22DE4C2680B3CC00E8E9B8 /* OpenGL.framework */ = {isa = PBXFileReference; lastKnownFileType = wrapper.framework; name = OpenGL.framework; path = System/Library/Frameworks/OpenGL.framework; sourceTree = SDKROOT; };
		7A22DE4F2680BBB800E8E9B8 /* libglfw.3.3.dylib */ = {isa = PBXFileReference; lastKnownFileType = "compiled.mach-o.dylib"; name = libglfw.3.3.dylib; path = ../../../../usr/local/Cellar/glfw/3.3.4/lib/libglfw.3.3.dylib; sourceTree = "<group>"; };
		7A22DE522680C59700E8E9B8 /* libGLEW.2.2.0.dylib */ = {isa = PBXFileReference; lastKnownFileType = "compiled.mach-o.dylib"; name = libGLEW.2.2.0.dylib; path = ../../../../usr/local/Cellar/glew/2.2.0_1/lib/libGLEW.2.2.0.dylib; sourceTree = "<group>"; };
		7A4D8E8026B9A53A00A56E39 /* Mesh.cpp */ = {isa = PBXFileReference; fileEncoding = 4; lastKnownFileType = sourcecode.cpp.cpp; path = Mesh.cpp; sourceTree = "<group>"; };
		7A4D8E8126B9A53A00A56E39 /* Mesh.hpp */ = {isa = PBXFileReference; fileEncoding = 4; lastKnownFileType = sourcecode.cpp.h; path = Mesh.hpp; sourceTree = "<group>"; };
		7A4D8E8326B9A53A00A56E39 /* BufferStorage.hpp */ = {isa = PBXFileReference; fileEncoding = 4; lastKnownFileType = sourcecode.cpp.h; path = BufferStorage.hpp; sourceTree = "<group>"; };
		7A4D8E8426B9A53A00A56E39 /* FramerateInfo.hpp */ = {isa = PBXFileReference; fileEncoding = 4; lastKnownFileType = sourcecode.cpp.h; path = FramerateInfo.hpp; sourceTree = "<group>"; };
		7A4D8E8526B9A53A00A56E39 /* SceneSettings.hpp */ = {isa = PBXFileReference; fileEncoding = 4; lastKnownFileType = sourcecode.cpp.h; path = SceneSettings.hpp; sourceTree = "<group>"; };
		7A4D8E8726B9A53A00A56E39 /* ShaderManager.hpp */ = {isa = PBXFileReference; fileEncoding = 4; lastKnownFileType = sourcecode.cpp.h; path = ShaderManager.hpp; sourceTree = "<group>"; };
		7A4D8E8826B9A53A00A56E39 /* Shader.cpp */ = {isa = PBXFileReference; fileEncoding = 4; lastKnownFileType = sourcecode.cpp.cpp; path = Shader.cpp; sourceTree = "<group>"; };
		7A4D8E8A26B9A53A00A56E39 /* fragment.glsl */ = {isa = PBXFileReference; fileEncoding = 4; lastKnownFileType = text; path = fragment.glsl; sourceTree = "<group>"; };
		7A4D8E8B26B9A53A00A56E39 /* Shader.hpp */ = {isa = PBXFileReference; fileEncoding = 4; lastKnownFileType = sourcecode.cpp.h; path = Shader.hpp; sourceTree = "<group>"; };
		7A4D8E8C26B9A53A00A56E39 /* util.glsl */ = {isa = PBXFileReference; fileEncoding = 4; lastKnownFileType = text; path = util.glsl; sourceTree = "<group>"; };
		7A4D8E8E26B9A53A00A56E39 /* 24cubes.glsl */ = {isa = PBXFileReference; fileEncoding = 4; lastKnownFileType = text; path = 24cubes.glsl; sourceTree = "<group>"; };
		7A4D8E8F26B9A53A00A56E39 /* vertex.glsl */ = {isa = PBXFileReference; fileEncoding = 4; lastKnownFileType = text; path = vertex.glsl; sourceTree = "<group>"; };
		7A4D8E9026B9A53A00A56E39 /* ShaderManager.cpp */ = {isa = PBXFileReference; fileEncoding = 4; lastKnownFileType = sourcecode.cpp.cpp; path = ShaderManager.cpp; sourceTree = "<group>"; };
		7A4D8E9226B9A53A00A56E39 /* GLErrorHandler.hpp */ = {isa = PBXFileReference; fileEncoding = 4; lastKnownFileType = sourcecode.cpp.h; path = GLErrorHandler.hpp; sourceTree = "<group>"; };
		7A4D8E9326B9A53A00A56E39 /* GLErrorHandler.cpp */ = {isa = PBXFileReference; fileEncoding = 4; lastKnownFileType = sourcecode.cpp.cpp; path = GLErrorHandler.cpp; sourceTree = "<group>"; };
		7A4D8E9526B9A53A00A56E39 /* Cube.hpp */ = {isa = PBXFileReference; fileEncoding = 4; lastKnownFileType = sourcecode.cpp.h; path = Cube.hpp; sourceTree = "<group>"; };
		7A4D8E9626B9A53A00A56E39 /* main.cpp */ = {isa = PBXFileReference; fileEncoding = 4; lastKnownFileType = sourcecode.cpp.cpp; path = main.cpp; sourceTree = "<group>"; };
		7A4D8E9726B9A53A00A56E39 /* Scene.hpp */ = {isa = PBXFileReference; fileEncoding = 4; lastKnownFileType = sourcecode.cpp.h; path = Scene.hpp; sourceTree = "<group>"; };
		7A4D8E9926B9A53A00A56E39 /* SceneObject.hpp */ = {isa = PBXFileReference; fileEncoding = 4; lastKnownFileType = sourcecode.cpp.h; path = SceneObject.hpp; sourceTree = "<group>"; };
		7A4D8EA526B9A7C900A56E39 /* PlatformSpecificData.hpp */ = {isa = PBXFileReference; lastKnownFileType = sourcecode.cpp.h; path = PlatformSpecificData.hpp; sourceTree = "<group>"; };
		7A4D8EAA26B9AA9200A56E39 /* Constants.h */ = {isa = PBXFileReference; lastKnownFileType = sourcecode.c.h; name = Constants.h; path = "cookie-engine/struct/Constants.h"; sourceTree = SOURCE_ROOT; };
		7A4D8EAC26B9B3EB00A56E39 /* Component.h */ = {isa = PBXFileReference; lastKnownFileType = sourcecode.c.h; path = Component.h; sourceTree = "<group>"; };
/* End PBXFileReference section */

/* Begin PBXFrameworksBuildPhase section */
		7A22DE3D2680B21C00E8E9B8 /* Frameworks */ = {
			isa = PBXFrameworksBuildPhase;
			buildActionMask = 2147483647;
			files = (
				7A22DE532680C59700E8E9B8 /* libGLEW.2.2.0.dylib in Frameworks */,
				7A22DE502680BBB800E8E9B8 /* libglfw.3.3.dylib in Frameworks */,
				7A22DE4D2680B3CC00E8E9B8 /* OpenGL.framework in Frameworks */,
			);
			runOnlyForDeploymentPostprocessing = 0;
		};
/* End PBXFrameworksBuildPhase section */

/* Begin PBXGroup section */
		7A22DE372680B21C00E8E9B8 = {
			isa = PBXGroup;
			children = (
				7A4D8EA326B9A59300A56E39 /* directx-api */,
				7A4D8EA126B9A59300A56E39 /* opengl-api */,
				7A4D8EA226B9A59300A56E39 /* vulkan-api */,
				7A4D8E7C26B9A53A00A56E39 /* cookie-engine */,
				7A22DE412680B21C00E8E9B8 /* Products */,
				7A22DE4B2680B3CC00E8E9B8 /* Frameworks */,
			);
			sourceTree = "<group>";
			usesTabs = 1;
		};
		7A22DE412680B21C00E8E9B8 /* Products */ = {
			isa = PBXGroup;
			children = (
				7A22DE402680B21C00E8E9B8 /* cookie-engine */,
			);
			name = Products;
			sourceTree = "<group>";
		};
		7A22DE4B2680B3CC00E8E9B8 /* Frameworks */ = {
			isa = PBXGroup;
			children = (
				7A22DE522680C59700E8E9B8 /* libGLEW.2.2.0.dylib */,
				7A22DE4F2680BBB800E8E9B8 /* libglfw.3.3.dylib */,
				7A22DE4C2680B3CC00E8E9B8 /* OpenGL.framework */,
			);
			name = Frameworks;
			sourceTree = "<group>";
		};
		7A4D8E7C26B9A53A00A56E39 /* cookie-engine */ = {
			isa = PBXGroup;
			children = (
				7A4D8E7D26B9A53A00A56E39 /* util */,
				7A4D8E7E26B9A53A00A56E39 /* animation */,
				7A4D8E7F26B9A53A00A56E39 /* component */,
				7A4D8E8226B9A53A00A56E39 /* struct */,
				7A4D8E8626B9A53A00A56E39 /* shader */,
				7A4D8E9126B9A53A00A56E39 /* errors */,
				7A4D8E9426B9A53A00A56E39 /* draw */,
				7A4D8E9626B9A53A00A56E39 /* main.cpp */,
				7A4D8E9726B9A53A00A56E39 /* Scene.hpp */,
				7A4D8E9826B9A53A00A56E39 /* base */,
			);
			path = "cookie-engine";
			sourceTree = "<group>";
		};
		7A4D8E7D26B9A53A00A56E39 /* util */ = {
			isa = PBXGroup;
			children = (
				7A4D8EAA26B9AA9200A56E39 /* Constants.h */,
			);
			path = util;
			sourceTree = "<group>";
		};
		7A4D8E7E26B9A53A00A56E39 /* animation */ = {
			isa = PBXGroup;
			children = (
			);
			path = animation;
			sourceTree = "<group>";
		};
		7A4D8E7F26B9A53A00A56E39 /* component */ = {
			isa = PBXGroup;
			children = (
				7A4D8E8026B9A53A00A56E39 /* Mesh.cpp */,
				7A4D8E8126B9A53A00A56E39 /* Mesh.hpp */,
				7A4D8EAC26B9B3EB00A56E39 /* Component.h */,
			);
			path = component;
			sourceTree = "<group>";
		};
		7A4D8E8226B9A53A00A56E39 /* struct */ = {
			isa = PBXGroup;
			children = (
				7A4D8E8326B9A53A00A56E39 /* BufferStorage.hpp */,
				7A4D8E8426B9A53A00A56E39 /* FramerateInfo.hpp */,
				7A4D8E8526B9A53A00A56E39 /* SceneSettings.hpp */,
				7A4D8EA526B9A7C900A56E39 /* PlatformSpecificData.hpp */,
			);
			path = struct;
			sourceTree = "<group>";
		};
		7A4D8E8626B9A53A00A56E39 /* shader */ = {
			isa = PBXGroup;
			children = (
				7A4D8E8726B9A53A00A56E39 /* ShaderManager.hpp */,
				7A4D8E8826B9A53A00A56E39 /* Shader.cpp */,
				7A4D8E8926B9A53A00A56E39 /* fragment */,
				7A4D8E8B26B9A53A00A56E39 /* Shader.hpp */,
				7A4D8E8C26B9A53A00A56E39 /* util.glsl */,
				7A4D8E8D26B9A53A00A56E39 /* vertex */,
				7A4D8E9026B9A53A00A56E39 /* ShaderManager.cpp */,
			);
			path = shader;
			sourceTree = "<group>";
		};
		7A4D8E8926B9A53A00A56E39 /* fragment */ = {
			isa = PBXGroup;
			children = (
				7A4D8E8A26B9A53A00A56E39 /* fragment.glsl */,
			);
			path = fragment;
			sourceTree = "<group>";
		};
		7A4D8E8D26B9A53A00A56E39 /* vertex */ = {
			isa = PBXGroup;
			children = (
				7A4D8E8E26B9A53A00A56E39 /* 24cubes.glsl */,
				7A4D8E8F26B9A53A00A56E39 /* vertex.glsl */,
			);
			path = vertex;
			sourceTree = "<group>";
		};
		7A4D8E9126B9A53A00A56E39 /* errors */ = {
			isa = PBXGroup;
			children = (
				7A4D8E9226B9A53A00A56E39 /* GLErrorHandler.hpp */,
				7A4D8E9326B9A53A00A56E39 /* GLErrorHandler.cpp */,
			);
			path = errors;
			sourceTree = "<group>";
		};
		7A4D8E9426B9A53A00A56E39 /* draw */ = {
			isa = PBXGroup;
			children = (
				7A4D8E9526B9A53A00A56E39 /* Cube.hpp */,
			);
			path = draw;
			sourceTree = "<group>";
		};
		7A4D8E9826B9A53A00A56E39 /* base */ = {
			isa = PBXGroup;
			children = (
				7A4D8E9926B9A53A00A56E39 /* SceneObject.hpp */,
			);
			path = base;
			sourceTree = "<group>";
		};
		7A4D8EA126B9A59300A56E39 /* opengl-api */ = {
			isa = PBXGroup;
			children = (
			);
			path = "opengl-api";
			sourceTree = "<group>";
		};
		7A4D8EA226B9A59300A56E39 /* vulkan-api */ = {
			isa = PBXGroup;
			children = (
			);
			path = "vulkan-api";
			sourceTree = "<group>";
		};
		7A4D8EA326B9A59300A56E39 /* directx-api */ = {
			isa = PBXGroup;
			children = (
			);
			path = "directx-api";
			sourceTree = "<group>";
		};
/* End PBXGroup section */

/* Begin PBXNativeTarget section */
		7A22DE3F2680B21C00E8E9B8 /* cookie-engine */ = {
			isa = PBXNativeTarget;
			buildConfigurationList = 7A22DE472680B21C00E8E9B8 /* Build configuration list for PBXNativeTarget "cookie-engine" */;
			buildPhases = (
				7A22DE3C2680B21C00E8E9B8 /* Sources */,
				7A22DE3D2680B21C00E8E9B8 /* Frameworks */,
				7A22DE3E2680B21C00E8E9B8 /* CopyFiles */,
			);
			buildRules = (
			);
			dependencies = (
			);
			name = "cookie-engine";
			productName = "lighting-test";
			productReference = 7A22DE402680B21C00E8E9B8 /* cookie-engine */;
			productType = "com.apple.product-type.tool";
		};
/* End PBXNativeTarget section */

/* Begin PBXProject section */
		7A22DE382680B21C00E8E9B8 /* Project object */ = {
			isa = PBXProject;
			attributes = {
				LastUpgradeCheck = 1220;
				TargetAttributes = {
					7A22DE3F2680B21C00E8E9B8 = {
						CreatedOnToolsVersion = 12.2;
					};
				};
			};
			buildConfigurationList = 7A22DE3B2680B21C00E8E9B8 /* Build configuration list for PBXProject "cookie-engine" */;
			compatibilityVersion = "Xcode 9.3";
			developmentRegion = en;
			hasScannedForEncodings = 0;
			knownRegions = (
				en,
				Base,
			);
			mainGroup = 7A22DE372680B21C00E8E9B8;
			productRefGroup = 7A22DE412680B21C00E8E9B8 /* Products */;
			projectDirPath = "";
			projectRoot = "";
			targets = (
				7A22DE3F2680B21C00E8E9B8 /* cookie-engine */,
			);
		};
/* End PBXProject section */

/* Begin PBXSourcesBuildPhase section */
		7A22DE3C2680B21C00E8E9B8 /* Sources */ = {
			isa = PBXSourcesBuildPhase;
			buildActionMask = 2147483647;
			files = (
				7A4D8E9A26B9A53A00A56E39 /* Mesh.cpp in Sources */,
				7A4D8E9C26B9A53A00A56E39 /* ShaderManager.cpp in Sources */,
				7A4D8E9B26B9A53A00A56E39 /* Shader.cpp in Sources */,
				7A4D8E9D26B9A53A00A56E39 /* GLErrorHandler.cpp in Sources */,
				7A4D8E9E26B9A53A00A56E39 /* main.cpp in Sources */,
			);
			runOnlyForDeploymentPostprocessing = 0;
		};
/* End PBXSourcesBuildPhase section */

/* Begin XCBuildConfiguration section */
		7A22DE452680B21C00E8E9B8 /* Debug */ = {
			isa = XCBuildConfiguration;
			buildSettings = {
				ALWAYS_SEARCH_USER_PATHS = NO;
				CLANG_ANALYZER_NONNULL = YES;
				CLANG_ANALYZER_NUMBER_OBJECT_CONVERSION = YES_AGGRESSIVE;
				CLANG_CXX_LANGUAGE_STANDARD = "c++17";
				CLANG_CXX_LIBRARY = "libc++";
				CLANG_ENABLE_MODULES = YES;
				CLANG_ENABLE_OBJC_ARC = YES;
				CLANG_ENABLE_OBJC_WEAK = YES;
				CLANG_WARN_BLOCK_CAPTURE_AUTORELEASING = YES;
				CLANG_WARN_BOOL_CONVERSION = YES;
				CLANG_WARN_COMMA = YES;
				CLANG_WARN_CONSTANT_CONVERSION = YES;
				CLANG_WARN_DEPRECATED_OBJC_IMPLEMENTATIONS = YES;
				CLANG_WARN_DIRECT_OBJC_ISA_USAGE = YES_ERROR;
				CLANG_WARN_DOCUMENTATION_COMMENTS = YES;
				CLANG_WARN_EMPTY_BODY = YES;
				CLANG_WARN_ENUM_CONVERSION = YES;
				CLANG_WARN_INFINITE_RECURSION = YES;
				CLANG_WARN_INT_CONVERSION = YES;
				CLANG_WARN_NON_LITERAL_NULL_CONVERSION = YES;
				CLANG_WARN_OBJC_IMPLICIT_RETAIN_SELF = YES;
				CLANG_WARN_OBJC_LITERAL_CONVERSION = YES;
				CLANG_WARN_OBJC_ROOT_CLASS = YES_ERROR;
				CLANG_WARN_QUOTED_INCLUDE_IN_FRAMEWORK_HEADER = YES;
				CLANG_WARN_RANGE_LOOP_ANALYSIS = YES;
				CLANG_WARN_STRICT_PROTOTYPES = YES;
				CLANG_WARN_SUSPICIOUS_MOVE = YES;
				CLANG_WARN_UNGUARDED_AVAILABILITY = YES_AGGRESSIVE;
				CLANG_WARN_UNREACHABLE_CODE = YES;
				CLANG_WARN__DUPLICATE_METHOD_MATCH = YES;
				COPY_PHASE_STRIP = NO;
				DEBUG_INFORMATION_FORMAT = dwarf;
				ENABLE_STRICT_OBJC_MSGSEND = YES;
				ENABLE_TESTABILITY = YES;
				GCC_C_LANGUAGE_STANDARD = gnu11;
				GCC_DYNAMIC_NO_PIC = NO;
				GCC_NO_COMMON_BLOCKS = YES;
				GCC_OPTIMIZATION_LEVEL = 0;
				GCC_PREPROCESSOR_DEFINITIONS = (
					"DEBUG=1",
					"$(inherited)",
				);
				GCC_WARN_64_TO_32_BIT_CONVERSION = YES;
				GCC_WARN_ABOUT_RETURN_TYPE = YES_ERROR;
				GCC_WARN_UNDECLARED_SELECTOR = YES;
				GCC_WARN_UNINITIALIZED_AUTOS = YES_AGGRESSIVE;
				GCC_WARN_UNUSED_FUNCTION = YES;
				GCC_WARN_UNUSED_VARIABLE = YES;
				MACOSX_DEPLOYMENT_TARGET = 11.0;
				MTL_ENABLE_DEBUG_INFO = INCLUDE_SOURCE;
				MTL_FAST_MATH = YES;
				ONLY_ACTIVE_ARCH = YES;
				SDKROOT = macosx;
			};
			name = Debug;
		};
		7A22DE462680B21C00E8E9B8 /* Release */ = {
			isa = XCBuildConfiguration;
			buildSettings = {
				ALWAYS_SEARCH_USER_PATHS = NO;
				CLANG_ANALYZER_NONNULL = YES;
				CLANG_ANALYZER_NUMBER_OBJECT_CONVERSION = YES_AGGRESSIVE;
				CLANG_CXX_LANGUAGE_STANDARD = "c++17";
				CLANG_CXX_LIBRARY = "libc++";
				CLANG_ENABLE_MODULES = YES;
				CLANG_ENABLE_OBJC_ARC = YES;
				CLANG_ENABLE_OBJC_WEAK = YES;
				CLANG_WARN_BLOCK_CAPTURE_AUTORELEASING = YES;
				CLANG_WARN_BOOL_CONVERSION = YES;
				CLANG_WARN_COMMA = YES;
				CLANG_WARN_CONSTANT_CONVERSION = YES;
				CLANG_WARN_DEPRECATED_OBJC_IMPLEMENTATIONS = YES;
				CLANG_WARN_DIRECT_OBJC_ISA_USAGE = YES_ERROR;
				CLANG_WARN_DOCUMENTATION_COMMENTS = YES;
				CLANG_WARN_EMPTY_BODY = YES;
				CLANG_WARN_ENUM_CONVERSION = YES;
				CLANG_WARN_INFINITE_RECURSION = YES;
				CLANG_WARN_INT_CONVERSION = YES;
				CLANG_WARN_NON_LITERAL_NULL_CONVERSION = YES;
				CLANG_WARN_OBJC_IMPLICIT_RETAIN_SELF = YES;
				CLANG_WARN_OBJC_LITERAL_CONVERSION = YES;
				CLANG_WARN_OBJC_ROOT_CLASS = YES_ERROR;
				CLANG_WARN_QUOTED_INCLUDE_IN_FRAMEWORK_HEADER = YES;
				CLANG_WARN_RANGE_LOOP_ANALYSIS = YES;
				CLANG_WARN_STRICT_PROTOTYPES = YES;
				CLANG_WARN_SUSPICIOUS_MOVE = YES;
				CLANG_WARN_UNGUARDED_AVAILABILITY = YES_AGGRESSIVE;
				CLANG_WARN_UNREACHABLE_CODE = YES;
				CLANG_WARN__DUPLICATE_METHOD_MATCH = YES;
				COPY_PHASE_STRIP = NO;
				DEBUG_INFORMATION_FORMAT = "dwarf-with-dsym";
				ENABLE_NS_ASSERTIONS = NO;
				ENABLE_STRICT_OBJC_MSGSEND = YES;
				GCC_C_LANGUAGE_STANDARD = gnu11;
				GCC_NO_COMMON_BLOCKS = YES;
				GCC_WARN_64_TO_32_BIT_CONVERSION = YES;
				GCC_WARN_ABOUT_RETURN_TYPE = YES_ERROR;
				GCC_WARN_UNDECLARED_SELECTOR = YES;
				GCC_WARN_UNINITIALIZED_AUTOS = YES_AGGRESSIVE;
				GCC_WARN_UNUSED_FUNCTION = YES;
				GCC_WARN_UNUSED_VARIABLE = YES;
				MACOSX_DEPLOYMENT_TARGET = 11.0;
				MTL_ENABLE_DEBUG_INFO = NO;
				MTL_FAST_MATH = YES;
				SDKROOT = macosx;
			};
			name = Release;
		};
		7A22DE482680B21C00E8E9B8 /* Debug */ = {
			isa = XCBuildConfiguration;
			buildSettings = {
				CODE_SIGN_STYLE = Automatic;
				HEADER_SEARCH_PATHS = (
					/usr/local/include,
					"/Users/antiufieievmichael/Guides/lighting-test/extras",
				);
				LIBRARY_SEARCH_PATHS = (
					"$(inherited)",
					/usr/local/Cellar/glfw/3.3.4/lib,
					/usr/local/Cellar/glew/2.2.0_1/lib,
				);
				PRODUCT_NAME = "$(TARGET_NAME)";
				USER_HEADER_SEARCH_PATHS = "$SRCROOT/**";
			};
			name = Debug;
		};
		7A22DE492680B21C00E8E9B8 /* Release */ = {
			isa = XCBuildConfiguration;
			buildSettings = {
				CODE_SIGN_STYLE = Automatic;
				HEADER_SEARCH_PATHS = (
					/usr/local/include,
					"/Users/antiufieievmichael/Guides/lighting-test/extras",
				);
				LIBRARY_SEARCH_PATHS = (
					"$(inherited)",
					/usr/local/Cellar/glfw/3.3.4/lib,
					/usr/local/Cellar/glew/2.2.0_1/lib,
				);
				PRODUCT_NAME = "$(TARGET_NAME)";
				USER_HEADER_SEARCH_PATHS = $SRCROOT;
			};
			name = Release;
		};
/* End XCBuildConfiguration section */

/* Begin XCConfigurationList section */
		7A22DE3B2680B21C00E8E9B8 /* Build configuration list for PBXProject "cookie-engine" */ = {
			isa = XCConfigurationList;
			buildConfigurations = (
				7A22DE452680B21C00E8E9B8 /* Debug */,
				7A22DE462680B21C00E8E9B8 /* Release */,
			);
			defaultConfigurationIsVisible = 0;
			defaultConfigurationName = Release;
		};
		7A22DE472680B21C00E8E9B8 /* Build configuration list for PBXNativeTarget "cookie-engine" */ = {
			isa = XCConfigurationList;
			buildConfigurations = (
				7A22DE482680B21C00E8E9B8 /* Debug */,
				7A22DE492680B21C00E8E9B8 /* Release */,
			);
			defaultConfigurationIsVisible = 0;
			defaultConfigurationName = Release;
		};
/* End XCConfigurationList section */
	};
	rootObject = 7A22DE382680B21C00E8E9B8 /* Project object */;
}
